# THIS IS AN AUTOGENERATED FILE. DO NOT EDIT THIS FILE DIRECTLY.
# yarn lockfile v1


"@aws-crypto/ie11-detection@^1.0.0":
  version "1.0.0"
  resolved "https://registry.yarnpkg.com/@aws-crypto/ie11-detection/-/ie11-detection-1.0.0.tgz#d3a6af29ba7f15458f79c41d1cd8cac3925e726a"
  integrity sha512-kCKVhCF1oDxFYgQrxXmIrS5oaWulkvRcPz+QBDMsUr2crbF4VGgGT6+uQhSwJFdUAQ2A//Vq+uT83eJrkzFgXA==
  dependencies:
    tslib "^1.11.1"

"@aws-crypto/sha256-browser@^1.0.0", "@aws-crypto/sha256-browser@^1.1.0":
  version "1.1.0"
  resolved "https://registry.yarnpkg.com/@aws-crypto/sha256-browser/-/sha256-browser-1.1.0.tgz#20092cc6c08d8f04db0ed57b6f05cff150384f77"
  integrity sha512-VIpuLRDonMAHgomrsm/zKbeXTnxpr4aHDQmS4pF+NcpvBp64l675yjGA9hyUYs/QJwBjUl8WqMjh9tIRgi85Sg==
  dependencies:
    "@aws-crypto/ie11-detection" "^1.0.0"
    "@aws-crypto/sha256-js" "^1.1.0"
    "@aws-crypto/supports-web-crypto" "^1.0.0"
    "@aws-sdk/types" "^3.1.0"
    "@aws-sdk/util-locate-window" "^3.0.0"
    "@aws-sdk/util-utf8-browser" "^3.0.0"
    tslib "^1.11.1"

"@aws-crypto/sha256-js@^1.0.0", "@aws-crypto/sha256-js@^1.1.0":
  version "1.1.0"
  resolved "https://registry.yarnpkg.com/@aws-crypto/sha256-js/-/sha256-js-1.1.0.tgz#a58386ad18186e392e0f1d98d18831261d27b071"
  integrity sha512-VIhuqbPgXDVr8sZe2yhgQcDRRmzf4CI8fmC1A3bHiRfE6wlz1d8KpeemqbuoEHotz/Dch9yOxlshyQDNjNFeHA==
  dependencies:
    "@aws-sdk/types" "^3.1.0"
    "@aws-sdk/util-utf8-browser" "^3.0.0"
    tslib "^1.11.1"

"@aws-crypto/supports-web-crypto@^1.0.0":
  version "1.0.0"
  resolved "https://registry.yarnpkg.com/@aws-crypto/supports-web-crypto/-/supports-web-crypto-1.0.0.tgz#c40901bc17ac1e875e248df16a2b47ad8bfd9a93"
  integrity sha512-IHLfv+WmVH89EW4n6a5eE8/hUlz6qkWGMn/v4r5ZgzcXdTC5nolii2z3k46y01hWRiC2PPhOdeSLzMUCUMco7g==
  dependencies:
    tslib "^1.11.1"

"@aws-sdk/abort-controller@3.20.0":
  version "3.20.0"
  resolved "https://registry.yarnpkg.com/@aws-sdk/abort-controller/-/abort-controller-3.20.0.tgz#85332ddfc3919f303f21d05413ff574b05b7c56b"
  integrity sha512-DnJbLzICjB6NyZXFi5wv1m9Rd/+8GN+aeti76rFEunykG+O0+GQcqOxC/lH58MkLBjaLrQhGhC2H1/L4Z75TPw==
  dependencies:
    "@aws-sdk/types" "3.20.0"
    tslib "^2.0.0"

"@aws-sdk/client-lex-models-v2@^3.17.0":
  version "3.20.0"
  resolved "https://registry.yarnpkg.com/@aws-sdk/client-lex-models-v2/-/client-lex-models-v2-3.20.0.tgz#0707c62c1f76cb0dc4cd3f96dae3ef2baae2e5a3"
  integrity sha512-T8OG3azalNeFoxP/H/l4Oku716HAA2zDESUHLRJ2Tpdrop/Yoph1VYDArI+9tKba4YCniE1UW1OS+9WmvmzZpQ==
  dependencies:
    "@aws-crypto/sha256-browser" "^1.1.0"
    "@aws-crypto/sha256-js" "^1.1.0"
    "@aws-sdk/client-sts" "3.20.0"
    "@aws-sdk/config-resolver" "3.20.0"
    "@aws-sdk/credential-provider-node" "3.20.0"
    "@aws-sdk/fetch-http-handler" "3.20.0"
    "@aws-sdk/hash-node" "3.20.0"
    "@aws-sdk/invalid-dependency" "3.20.0"
    "@aws-sdk/middleware-content-length" "3.20.0"
    "@aws-sdk/middleware-host-header" "3.20.0"
    "@aws-sdk/middleware-logger" "3.20.0"
    "@aws-sdk/middleware-retry" "3.20.0"
    "@aws-sdk/middleware-serde" "3.20.0"
    "@aws-sdk/middleware-signing" "3.20.0"
    "@aws-sdk/middleware-stack" "3.20.0"
    "@aws-sdk/middleware-user-agent" "3.20.0"
    "@aws-sdk/node-config-provider" "3.20.0"
    "@aws-sdk/node-http-handler" "3.20.0"
    "@aws-sdk/protocol-http" "3.20.0"
    "@aws-sdk/smithy-client" "3.20.0"
    "@aws-sdk/types" "3.20.0"
    "@aws-sdk/url-parser" "3.20.0"
    "@aws-sdk/util-base64-browser" "3.20.0"
    "@aws-sdk/util-base64-node" "3.20.0"
    "@aws-sdk/util-body-length-browser" "3.20.0"
    "@aws-sdk/util-body-length-node" "3.20.0"
    "@aws-sdk/util-user-agent-browser" "3.20.0"
    "@aws-sdk/util-user-agent-node" "3.20.0"
    "@aws-sdk/util-utf8-browser" "3.20.0"
    "@aws-sdk/util-utf8-node" "3.20.0"
    tslib "^2.0.0"

"@aws-sdk/client-sso@3.20.0":
  version "3.20.0"
  resolved "https://registry.yarnpkg.com/@aws-sdk/client-sso/-/client-sso-3.20.0.tgz#31c9326744ed79bbbccb159f48df026a3775aff1"
  integrity sha512-pqLzjj9QIcsllFzakpZU8iPD38zkmfPq7EyLRLWwrR8GhRo+mBvmyG5D3rRDqmkR6G869OBa/hZngg9HmSfHDw==
  dependencies:
    "@aws-crypto/sha256-browser" "^1.0.0"
    "@aws-crypto/sha256-js" "^1.0.0"
    "@aws-sdk/config-resolver" "3.20.0"
    "@aws-sdk/fetch-http-handler" "3.20.0"
    "@aws-sdk/hash-node" "3.20.0"
    "@aws-sdk/invalid-dependency" "3.20.0"
    "@aws-sdk/middleware-content-length" "3.20.0"
    "@aws-sdk/middleware-host-header" "3.20.0"
    "@aws-sdk/middleware-logger" "3.20.0"
    "@aws-sdk/middleware-retry" "3.20.0"
    "@aws-sdk/middleware-serde" "3.20.0"
    "@aws-sdk/middleware-stack" "3.20.0"
    "@aws-sdk/middleware-user-agent" "3.20.0"
    "@aws-sdk/node-config-provider" "3.20.0"
    "@aws-sdk/node-http-handler" "3.20.0"
    "@aws-sdk/protocol-http" "3.20.0"
    "@aws-sdk/smithy-client" "3.20.0"
    "@aws-sdk/types" "3.20.0"
    "@aws-sdk/url-parser" "3.20.0"
    "@aws-sdk/util-base64-browser" "3.20.0"
    "@aws-sdk/util-base64-node" "3.20.0"
    "@aws-sdk/util-body-length-browser" "3.20.0"
    "@aws-sdk/util-body-length-node" "3.20.0"
    "@aws-sdk/util-user-agent-browser" "3.20.0"
    "@aws-sdk/util-user-agent-node" "3.20.0"
    "@aws-sdk/util-utf8-browser" "3.20.0"
    "@aws-sdk/util-utf8-node" "3.20.0"
    tslib "^2.0.0"

"@aws-sdk/client-sts@3.20.0":
  version "3.20.0"
  resolved "https://registry.yarnpkg.com/@aws-sdk/client-sts/-/client-sts-3.20.0.tgz#0fcdd2123c9dda24ea0548f43755c9b655048ba0"
  integrity sha512-Do3cg1p0c68mIAypDjLKJX12TQjWyM82Zh5XUbMFlYpQu4zKGkpG29nVSRXlBkCpHFS1T7WJUgqQjW36Xln6mg==
  dependencies:
    "@aws-crypto/sha256-browser" "^1.0.0"
    "@aws-crypto/sha256-js" "^1.0.0"
    "@aws-sdk/config-resolver" "3.20.0"
    "@aws-sdk/credential-provider-node" "3.20.0"
    "@aws-sdk/fetch-http-handler" "3.20.0"
    "@aws-sdk/hash-node" "3.20.0"
    "@aws-sdk/invalid-dependency" "3.20.0"
    "@aws-sdk/middleware-content-length" "3.20.0"
    "@aws-sdk/middleware-host-header" "3.20.0"
    "@aws-sdk/middleware-logger" "3.20.0"
    "@aws-sdk/middleware-retry" "3.20.0"
    "@aws-sdk/middleware-sdk-sts" "3.20.0"
    "@aws-sdk/middleware-serde" "3.20.0"
    "@aws-sdk/middleware-signing" "3.20.0"
    "@aws-sdk/middleware-stack" "3.20.0"
    "@aws-sdk/middleware-user-agent" "3.20.0"
    "@aws-sdk/node-config-provider" "3.20.0"
    "@aws-sdk/node-http-handler" "3.20.0"
    "@aws-sdk/protocol-http" "3.20.0"
    "@aws-sdk/smithy-client" "3.20.0"
    "@aws-sdk/types" "3.20.0"
    "@aws-sdk/url-parser" "3.20.0"
    "@aws-sdk/util-base64-browser" "3.20.0"
    "@aws-sdk/util-base64-node" "3.20.0"
    "@aws-sdk/util-body-length-browser" "3.20.0"
    "@aws-sdk/util-body-length-node" "3.20.0"
    "@aws-sdk/util-user-agent-browser" "3.20.0"
    "@aws-sdk/util-user-agent-node" "3.20.0"
    "@aws-sdk/util-utf8-browser" "3.20.0"
    "@aws-sdk/util-utf8-node" "3.20.0"
    entities "2.2.0"
    fast-xml-parser "3.19.0"
    tslib "^2.0.0"

"@aws-sdk/config-resolver@3.20.0":
  version "3.20.0"
  resolved "https://registry.yarnpkg.com/@aws-sdk/config-resolver/-/config-resolver-3.20.0.tgz#ad9852be9d9af8c96f312b69bdac8a82eba971ba"
  integrity sha512-mOq2RZIQHdZJxHWeNT0u3ulaWHAXr4NHuB/TBW66dJ8rRr5OlumnPHqbVb7x4qRbJqpzWvc1dj4RGR1x9NcIJA==
  dependencies:
    "@aws-sdk/signature-v4" "3.20.0"
    "@aws-sdk/types" "3.20.0"
    tslib "^2.0.0"

"@aws-sdk/credential-provider-env@3.20.0":
  version "3.20.0"
  resolved "https://registry.yarnpkg.com/@aws-sdk/credential-provider-env/-/credential-provider-env-3.20.0.tgz#1bb71dabf28ddccd4b839155a645064346dde447"
  integrity sha512-6jSgVUw3eZfU8ufCsCeJf5k+AJVDdKobK9Hkg0nTA07zOObo/xElri8a3XmjYj5iVuAcK/ErP5SXEEB3h/fjrQ==
  dependencies:
    "@aws-sdk/property-provider" "3.20.0"
    "@aws-sdk/types" "3.20.0"
    tslib "^2.0.0"

"@aws-sdk/credential-provider-imds@3.20.0":
  version "3.20.0"
  resolved "https://registry.yarnpkg.com/@aws-sdk/credential-provider-imds/-/credential-provider-imds-3.20.0.tgz#2aca3a112904cb12dd30409773dd1d4b0bba5b5e"
  integrity sha512-l2R3HSwSb3Pm4jwMo0YWcbbapoK2/gBgb4h68JcsNXBI2yTthU41vioTNdMoWWlyCR0ii6QX3IUnB4NJY7RlLQ==
  dependencies:
    "@aws-sdk/property-provider" "3.20.0"
    "@aws-sdk/types" "3.20.0"
    tslib "^2.0.0"

"@aws-sdk/credential-provider-ini@3.20.0":
  version "3.20.0"
  resolved "https://registry.yarnpkg.com/@aws-sdk/credential-provider-ini/-/credential-provider-ini-3.20.0.tgz#20cc34cc08dbeb5c16dbda0e8a3f310a3a4bd880"
  integrity sha512-03HAQq9iP5YW+XnRw59LCPov0v9J7yovYIinmOGDiUaqNJl1aoizoryVqt5cLwZNjF+Xdxh2+41rP/u+agSfwA==
  dependencies:
    "@aws-sdk/credential-provider-env" "3.20.0"
    "@aws-sdk/credential-provider-imds" "3.20.0"
    "@aws-sdk/credential-provider-web-identity" "3.20.0"
    "@aws-sdk/property-provider" "3.20.0"
    "@aws-sdk/shared-ini-file-loader" "3.20.0"
    "@aws-sdk/types" "3.20.0"
    tslib "^2.0.0"

"@aws-sdk/credential-provider-node@3.20.0":
  version "3.20.0"
  resolved "https://registry.yarnpkg.com/@aws-sdk/credential-provider-node/-/credential-provider-node-3.20.0.tgz#119d20ddaf83c6adae4f05f6ff6c3f52a74f02f9"
  integrity sha512-Pbcr0YYUQ8Y/o8xjHTF/TxnHEft+3FMqlN5WMTvA4yCQJowDKzcsAXp8m/FpHo55I0oC02PfVWHSAHZ86PmohQ==
  dependencies:
    "@aws-sdk/credential-provider-env" "3.20.0"
    "@aws-sdk/credential-provider-imds" "3.20.0"
    "@aws-sdk/credential-provider-ini" "3.20.0"
    "@aws-sdk/credential-provider-process" "3.20.0"
    "@aws-sdk/credential-provider-sso" "3.20.0"
    "@aws-sdk/credential-provider-web-identity" "3.20.0"
    "@aws-sdk/property-provider" "3.20.0"
    "@aws-sdk/shared-ini-file-loader" "3.20.0"
    "@aws-sdk/types" "3.20.0"
    tslib "^2.0.0"

"@aws-sdk/credential-provider-process@3.20.0":
  version "3.20.0"
  resolved "https://registry.yarnpkg.com/@aws-sdk/credential-provider-process/-/credential-provider-process-3.20.0.tgz#5859ba4397e4c19c48579f19b606cb13cb22254e"
  integrity sha512-GV6XCR5/tKgJVKyMhplsCh8vo5GhKBkmvB2HNZYBE0KQzh7Km8+raYQlzcfow++CZKddHN0PPuIfL94C0hpdtw==
  dependencies:
    "@aws-sdk/credential-provider-ini" "3.20.0"
    "@aws-sdk/property-provider" "3.20.0"
    "@aws-sdk/shared-ini-file-loader" "3.20.0"
    "@aws-sdk/types" "3.20.0"
    tslib "^2.0.0"

"@aws-sdk/credential-provider-sso@3.20.0":
  version "3.20.0"
  resolved "https://registry.yarnpkg.com/@aws-sdk/credential-provider-sso/-/credential-provider-sso-3.20.0.tgz#b5fae14e9c7ac96eedee2139d00116411150bbfb"
  integrity sha512-EJ+QiB+OXftY3fNNaFO8vaJm/Xe6x15iyl7W9qaUrPzifIBzFjkOQb4uhCM83S6OS/icWXZeMjbgsrGIqrtMHA==
  dependencies:
    "@aws-sdk/client-sso" "3.20.0"
    "@aws-sdk/credential-provider-ini" "3.20.0"
    "@aws-sdk/property-provider" "3.20.0"
    "@aws-sdk/shared-ini-file-loader" "3.20.0"
    "@aws-sdk/types" "3.20.0"
    tslib "^2.0.0"

"@aws-sdk/credential-provider-web-identity@3.20.0":
  version "3.20.0"
  resolved "https://registry.yarnpkg.com/@aws-sdk/credential-provider-web-identity/-/credential-provider-web-identity-3.20.0.tgz#8910fbeed5137cd0782f226ca1b724f3b903b93c"
  integrity sha512-JJ1RQW5byI7FWSZOhWkTsrcs1wPdC6uG5JERQmcdPXOx9jCpBo8gETwYjlKxls/MbE+NSLCq5pQQKJs7Yz6K5g==
  dependencies:
    "@aws-sdk/property-provider" "3.20.0"
    "@aws-sdk/types" "3.20.0"
    tslib "^2.0.0"

"@aws-sdk/fetch-http-handler@3.20.0":
  version "3.20.0"
  resolved "https://registry.yarnpkg.com/@aws-sdk/fetch-http-handler/-/fetch-http-handler-3.20.0.tgz#af3d82c90f0135c21e471c823336027f20041bf1"
  integrity sha512-VWCalEondhOsd5inE9W+p8jNVQAwgxR/k8yZys8ZuAQERhCKJcimgu7j9t5ruoGprmqnGcFmyFqZynxBZj6Urw==
  dependencies:
    "@aws-sdk/protocol-http" "3.20.0"
    "@aws-sdk/querystring-builder" "3.20.0"
    "@aws-sdk/types" "3.20.0"
    "@aws-sdk/util-base64-browser" "3.20.0"
    tslib "^2.0.0"

"@aws-sdk/hash-node@3.20.0":
  version "3.20.0"
  resolved "https://registry.yarnpkg.com/@aws-sdk/hash-node/-/hash-node-3.20.0.tgz#6fef5300412a440cab40276e36faadc1f3610478"
  integrity sha512-PMRbrgkvXzWhmY2w/+rXG76tgCEB4+m7CM+OrXtbOdwwG6hyxPgdbvGwOLzbZXo4uxCcjQGpOUZTV54rW2rqgQ==
  dependencies:
    "@aws-sdk/types" "3.20.0"
    "@aws-sdk/util-buffer-from" "3.20.0"
    tslib "^2.0.0"

"@aws-sdk/invalid-dependency@3.20.0":
  version "3.20.0"
  resolved "https://registry.yarnpkg.com/@aws-sdk/invalid-dependency/-/invalid-dependency-3.20.0.tgz#b336e7163b2e02f98a5e4038af82c2aea61ca963"
  integrity sha512-++0e6Z4m0qZXMbhiezJroJhh1x4rWgTm2AI6k0+Jkl6gTN8TzLHFXLoaK1UGKzhouSleL982b1DeJoNLVgE5zA==
  dependencies:
    "@aws-sdk/types" "3.20.0"
    tslib "^2.0.0"

"@aws-sdk/is-array-buffer@3.20.0":
  version "3.20.0"
  resolved "https://registry.yarnpkg.com/@aws-sdk/is-array-buffer/-/is-array-buffer-3.20.0.tgz#6ccdb96027fc1ab4a6f46145f3b7e8dbcca0a1b2"
  integrity sha512-l7A254/SA+DE1kNWcNHDKGUbpmmR3fjr65LPJeiB88Rnh+3M7F103JCNoA5x1Heb7QfUd4GMAUaYkaUlaWmnJw==
  dependencies:
    tslib "^2.0.0"

"@aws-sdk/middleware-content-length@3.20.0":
  version "3.20.0"
  resolved "https://registry.yarnpkg.com/@aws-sdk/middleware-content-length/-/middleware-content-length-3.20.0.tgz#b54ffb54d6c5a18be90d32d20dbd4f2fe9b530b2"
  integrity sha512-UXp+RQOHfv18EpPcELBtB4WktOqQnICW5JsGWkYfVv/WAxeZD1C2SC7wiNfeSLRsHfcfefAW5zznvFtdzke4AA==
  dependencies:
    "@aws-sdk/protocol-http" "3.20.0"
    "@aws-sdk/types" "3.20.0"
    tslib "^2.0.0"

"@aws-sdk/middleware-host-header@3.20.0":
  version "3.20.0"
  resolved "https://registry.yarnpkg.com/@aws-sdk/middleware-host-header/-/middleware-host-header-3.20.0.tgz#fe50d3dde559c0c1c01e7fdd747980eda41b0839"
  integrity sha512-7FNZlfahz7J1aoJxdsPS49dYtBYJLap8WofQw8fJodOEGsVDvphCEApInfCVIqiGcpqMcQaR9mGPsKIbV1qZQw==
  dependencies:
    "@aws-sdk/protocol-http" "3.20.0"
    "@aws-sdk/types" "3.20.0"
    tslib "^2.0.0"

"@aws-sdk/middleware-logger@3.20.0":
  version "3.20.0"
  resolved "https://registry.yarnpkg.com/@aws-sdk/middleware-logger/-/middleware-logger-3.20.0.tgz#88fd7ae5877db7042e9a393ae037116e5fd96ad0"
  integrity sha512-0zYQJsBHRwop8N3uKtoa8rm58Y1Wkz2TADnWXSkMQg+vX4SgWE/1fYMb23I7p0tjTp8jZ0nRbxaO59DGu73kxQ==
  dependencies:
    "@aws-sdk/types" "3.20.0"
    tslib "^2.0.0"

"@aws-sdk/middleware-retry@3.20.0":
  version "3.20.0"
  resolved "https://registry.yarnpkg.com/@aws-sdk/middleware-retry/-/middleware-retry-3.20.0.tgz#8aafa77f2765d876bbdb4a93b25b4a5e81a58cc6"
  integrity sha512-Cyu9GDJ/TcxQDw/O5iZckHRzRs9ystvf5nEWB40QT5++485Lpkh/mz2WPdsboTmcPSGlPM8llaboyI8/DvAUJg==
  dependencies:
    "@aws-sdk/protocol-http" "3.20.0"
    "@aws-sdk/service-error-classification" "3.20.0"
    "@aws-sdk/types" "3.20.0"
    tslib "^2.0.0"
    uuid "^8.3.2"

"@aws-sdk/middleware-sdk-sts@3.20.0":
  version "3.20.0"
  resolved "https://registry.yarnpkg.com/@aws-sdk/middleware-sdk-sts/-/middleware-sdk-sts-3.20.0.tgz#8e356d5b2dab9b72a2a444412d59b72d78e4305a"
  integrity sha512-dHsWL3aryeCl2BX3UVHFQPCsIQdx3Y2bWlY+6dUZdd65YWxvrrpoR5m5LrubUvt7SD+KQ++K/6h8A3gFGKs4UA==
  dependencies:
    "@aws-sdk/middleware-signing" "3.20.0"
    "@aws-sdk/property-provider" "3.20.0"
    "@aws-sdk/protocol-http" "3.20.0"
    "@aws-sdk/signature-v4" "3.20.0"
    "@aws-sdk/types" "3.20.0"
    tslib "^2.0.0"

"@aws-sdk/middleware-serde@3.20.0":
  version "3.20.0"
  resolved "https://registry.yarnpkg.com/@aws-sdk/middleware-serde/-/middleware-serde-3.20.0.tgz#9282b90cd6f41b03287268b619e883290a610225"
  integrity sha512-Hz5fmo0APcfkyqQGiGof7fNOcvi4CS7m9Gb+iJMiIzpVPSsve3tVe45rqYHo7NOj4Jed5E6/lujUprNHRxFEMQ==
  dependencies:
    "@aws-sdk/types" "3.20.0"
    tslib "^2.0.0"

"@aws-sdk/middleware-signing@3.20.0":
  version "3.20.0"
  resolved "https://registry.yarnpkg.com/@aws-sdk/middleware-signing/-/middleware-signing-3.20.0.tgz#6282396f6e76ac7414d54425c96991a7107ef8de"
  integrity sha512-ittOpXvHFRLUteWPEeemJeqyvi+lYlkXXF60dqnpza8sJOtsRP03VSeN9aLGNGcIKeg97WkejVCiobRoJnE4ig==
  dependencies:
    "@aws-sdk/property-provider" "3.20.0"
    "@aws-sdk/protocol-http" "3.20.0"
    "@aws-sdk/signature-v4" "3.20.0"
    "@aws-sdk/types" "3.20.0"
    tslib "^2.0.0"

"@aws-sdk/middleware-stack@3.20.0":
  version "3.20.0"
  resolved "https://registry.yarnpkg.com/@aws-sdk/middleware-stack/-/middleware-stack-3.20.0.tgz#572ea7c95584416052c75edb796e558a3bdf9f8d"
  integrity sha512-1lYl93BuYWQ7rWyTtIlaPTCvAnabMQ2kbJFH5j76ag7esRLownObmcqWNMEJ4bbw5TXXY4nG7BdRoTlmo47Mow==
  dependencies:
    tslib "^2.0.0"

"@aws-sdk/middleware-user-agent@3.20.0":
  version "3.20.0"
  resolved "https://registry.yarnpkg.com/@aws-sdk/middleware-user-agent/-/middleware-user-agent-3.20.0.tgz#219ef3a2448504832cf21c0841a6a482e33e1558"
  integrity sha512-EBiTXpUAjimSdzkEwHgcH96fWg8hDbtmus9ABf6Cor6EHUlHVeRAFULGIYo5ZFTy7DXbeHxjzPE7CcWEaUBvQQ==
  dependencies:
    "@aws-sdk/protocol-http" "3.20.0"
    "@aws-sdk/types" "3.20.0"
    tslib "^2.0.0"

"@aws-sdk/node-config-provider@3.20.0":
  version "3.20.0"
  resolved "https://registry.yarnpkg.com/@aws-sdk/node-config-provider/-/node-config-provider-3.20.0.tgz#e8aec16e2a262fd027f472989ad5badfe6404c02"
  integrity sha512-bHevyN3hHbtrAg3EQ85MFHKfCwSr481vgd3nQL1zhzGOAp2DWM0C3w7otV8H+ejcplwDwtL+9JVhhEFTFROniw==
  dependencies:
    "@aws-sdk/property-provider" "3.20.0"
    "@aws-sdk/shared-ini-file-loader" "3.20.0"
    "@aws-sdk/types" "3.20.0"
    tslib "^2.0.0"

"@aws-sdk/node-http-handler@3.20.0":
  version "3.20.0"
  resolved "https://registry.yarnpkg.com/@aws-sdk/node-http-handler/-/node-http-handler-3.20.0.tgz#6fe1d70f424b434df2b5af10a1cbe6c34c001df0"
  integrity sha512-uK6qVeWFoNZfZTutj6RAAJjrlDMSp3dGzuF2xIbxSLjITNPtaXszssxVgaBYDZdDIaqe8I5DuyjGPoEW/xxJ1A==
  dependencies:
    "@aws-sdk/abort-controller" "3.20.0"
    "@aws-sdk/protocol-http" "3.20.0"
    "@aws-sdk/querystring-builder" "3.20.0"
    "@aws-sdk/types" "3.20.0"
    tslib "^2.0.0"

"@aws-sdk/property-provider@3.20.0":
  version "3.20.0"
  resolved "https://registry.yarnpkg.com/@aws-sdk/property-provider/-/property-provider-3.20.0.tgz#92cc4edabc4c414727ccc620ef37fc00ab19bff8"
  integrity sha512-mShEXLj9ZsAOu1VL+XlqssBr7TNVRKvkaAovzifxaHaLP91jFltWlSmAPFc2Yuc8MsVToHfpfTYc2dSFTBqGtw==
  dependencies:
    "@aws-sdk/types" "3.20.0"
    tslib "^2.0.0"

"@aws-sdk/protocol-http@3.20.0":
  version "3.20.0"
  resolved "https://registry.yarnpkg.com/@aws-sdk/protocol-http/-/protocol-http-3.20.0.tgz#1e7877d220ccfad0766e294ae5bab43b371ee503"
  integrity sha512-ZW9uyVk1Zbbaqo8LYc+MJ1EynZVQsa08o2I6Pho1fvheMcF/prcz+1HLQcJnfyNG76lM3Z/qQaEL7gGy2Ve6Cg==
  dependencies:
    "@aws-sdk/types" "3.20.0"
    tslib "^2.0.0"

"@aws-sdk/querystring-builder@3.20.0":
  version "3.20.0"
  resolved "https://registry.yarnpkg.com/@aws-sdk/querystring-builder/-/querystring-builder-3.20.0.tgz#ec02c4a831c0fbeb2de6e228fe329f5d2a4502e9"
  integrity sha512-iImp9CEQHtJkVhchuH9dZWkhiCWcPSsEbeeNctydigB9RMAaThtkGJ/423mQFkzXuOplbYkpwlfW9hu4gutSOQ==
  dependencies:
    "@aws-sdk/types" "3.20.0"
    "@aws-sdk/util-uri-escape" "3.20.0"
    tslib "^2.0.0"

"@aws-sdk/querystring-parser@3.20.0":
  version "3.20.0"
  resolved "https://registry.yarnpkg.com/@aws-sdk/querystring-parser/-/querystring-parser-3.20.0.tgz#f53efe53618f55224945cdb5c6623c8b27b1866a"
  integrity sha512-Ven5A56SDDRJHCt84jzjrnW85LRzE9nClzbY14MjuITBo+azkbjZhyTutxK8/q8GQZMa2lhjnXLtfcT5rj1YjQ==
  dependencies:
    "@aws-sdk/types" "3.20.0"
    tslib "^2.0.0"

"@aws-sdk/service-error-classification@3.20.0":
  version "3.20.0"
  resolved "https://registry.yarnpkg.com/@aws-sdk/service-error-classification/-/service-error-classification-3.20.0.tgz#3b70173b414de1e8c19d66fdf0c7ead75fcd6d7f"
  integrity sha512-mJb465doN5yq+XxP4bPnAubriewEPoICNQZouDVKZ44Q48USn6e7zX0OrYqBT56Inw8JrSD9u5VHqGsFiubnSA==

"@aws-sdk/shared-ini-file-loader@3.20.0":
  version "3.20.0"
  resolved "https://registry.yarnpkg.com/@aws-sdk/shared-ini-file-loader/-/shared-ini-file-loader-3.20.0.tgz#fa9692aad4e7c140babb1fc39ab4ec17474993b9"
  integrity sha512-yUjSo5epgytDEaGSN+Sp/vY0HEdt9FU03KC3ON/q99+XEWVU2Y4045khXXWPHJ1wlvq3EOcRKG3u/0MDUJPnTg==
  dependencies:
    tslib "^2.0.0"

"@aws-sdk/signature-v4@3.20.0":
  version "3.20.0"
  resolved "https://registry.yarnpkg.com/@aws-sdk/signature-v4/-/signature-v4-3.20.0.tgz#c55379216471cf1350c03e6d8130c0ac90170cbe"
  integrity sha512-LvbRMPlTt7X55EEE/cYcXm/VoCtr0frEC3KoAiq1zSNHXkiw741NK0d44W0RyJciBcXYfnYYBocNH+wIkjFZEQ==
  dependencies:
    "@aws-sdk/is-array-buffer" "3.20.0"
    "@aws-sdk/types" "3.20.0"
    "@aws-sdk/util-hex-encoding" "3.20.0"
    "@aws-sdk/util-uri-escape" "3.20.0"
    tslib "^2.0.0"

"@aws-sdk/smithy-client@3.20.0":
  version "3.20.0"
  resolved "https://registry.yarnpkg.com/@aws-sdk/smithy-client/-/smithy-client-3.20.0.tgz#ca024d5b316701af51ababbcdc898dc64227566d"
  integrity sha512-co8VEuod5QoFbdXGouO+Kem6knj0NW302zUmYILk3r2UX5RJ/eVcaFJGS8oV89a8qZ7debazNS6IXZUxhlWUSg==
  dependencies:
    "@aws-sdk/middleware-stack" "3.20.0"
    "@aws-sdk/types" "3.20.0"
    tslib "^2.0.0"

"@aws-sdk/types@3.20.0", "@aws-sdk/types@^3.1.0":
  version "3.20.0"
  resolved "https://registry.yarnpkg.com/@aws-sdk/types/-/types-3.20.0.tgz#f14a13970ffc9096ec28fb60c5b40b5ddaaecea9"
  integrity sha512-ztrHBTJM0wU4rrt51Kff8DjGT5ReoEdY1IUu6T0lN7aH9113235WnBE44y+z/Y+nMC+t5+r74CkldkLf/vngNg==

"@aws-sdk/url-parser@3.20.0":
  version "3.20.0"
  resolved "https://registry.yarnpkg.com/@aws-sdk/url-parser/-/url-parser-3.20.0.tgz#b1447cd919a2d84e772e651234096da152169a3c"
  integrity sha512-9IvUtQ0p044KaVp7bdiXNB2vjhc6nZ02ph75e1wF1ISQiisDpQdTfAEy+TLFaw+95dBjyEG3PF6ybmFx6hNFxA==
  dependencies:
    "@aws-sdk/querystring-parser" "3.20.0"
    "@aws-sdk/types" "3.20.0"
    tslib "^2.0.0"

"@aws-sdk/util-base64-browser@3.20.0":
  version "3.20.0"
  resolved "https://registry.yarnpkg.com/@aws-sdk/util-base64-browser/-/util-base64-browser-3.20.0.tgz#0ed9b767e53da736eb01845ef2121f3a6f7c6175"
  integrity sha512-55ubHL6AyskjVg/gi21XubmGP11eHY1QG912L3ZZuf83IQOT5ApLXEJ8KZIReMCH62sFMrUl3Q/G3zB3daTyiQ==
  dependencies:
    tslib "^2.0.0"

"@aws-sdk/util-base64-node@3.20.0":
  version "3.20.0"
  resolved "https://registry.yarnpkg.com/@aws-sdk/util-base64-node/-/util-base64-node-3.20.0.tgz#b728432b6c45daa11de17db68a7a18422e337c90"
  integrity sha512-okeDxYT+hUoWAWB0QIMDry8NoTXNrK7bFtFoyRL+GUI98NCe5R8Md1SSm4aQZCoc4eaW4TKrM0gKB98VHXGZYA==
  dependencies:
    "@aws-sdk/util-buffer-from" "3.20.0"
    tslib "^2.0.0"

"@aws-sdk/util-body-length-browser@3.20.0":
  version "3.20.0"
  resolved "https://registry.yarnpkg.com/@aws-sdk/util-body-length-browser/-/util-body-length-browser-3.20.0.tgz#9035ac78ce67286af5b06aaa0d06c156d6a3ce9e"
  integrity sha512-/VnDExoqYwuEwlLMO1UHkmJpN+ujNgU7T+q4kVoTlcK90PZBjzRS0X+2c/xC005ArSwDDFxSyc8QNq4DWjZCsQ==
  dependencies:
    tslib "^2.0.0"

"@aws-sdk/util-body-length-node@3.20.0":
  version "3.20.0"
  resolved "https://registry.yarnpkg.com/@aws-sdk/util-body-length-node/-/util-body-length-node-3.20.0.tgz#0f72539f9cf58eba1e0444fca2e9cdb61bb506da"
  integrity sha512-qn1ZGzaCULDwZTOsAXySp0b6lRBSinIujnRJM0155H8O1N8CDfvSeNPO9EUI/1M7u9zCS8zZ7jVO+MSVjn65ww==
  dependencies:
    tslib "^2.0.0"

"@aws-sdk/util-buffer-from@3.20.0":
  version "3.20.0"
  resolved "https://registry.yarnpkg.com/@aws-sdk/util-buffer-from/-/util-buffer-from-3.20.0.tgz#65287a96cc9bf765763b77ff0d6629e4658dbd8d"
  integrity sha512-nNed2o88c/Dagkszz0A75ARGOrmnpI+Ep4MopcAQ7tcLn5IXAHIAx7Hbs5pLxBVceh8d9nMu6xY516txRBgG+A==
  dependencies:
    "@aws-sdk/is-array-buffer" "3.20.0"
    tslib "^2.0.0"

"@aws-sdk/util-hex-encoding@3.20.0":
  version "3.20.0"
  resolved "https://registry.yarnpkg.com/@aws-sdk/util-hex-encoding/-/util-hex-encoding-3.20.0.tgz#ca3b77a58117365ce9bd317ce0fd62fde53fedab"
  integrity sha512-hUXgUVNpN61+F26qdBCQCclTGRWER/H1O8axuPKoyC7PPJPzxrHZbst7o/hEAIUYq76iJLGCSCC+dXlxvRN4HQ==
  dependencies:
    tslib "^2.0.0"

"@aws-sdk/util-locate-window@^3.0.0":
  version "3.20.0"
  resolved "https://registry.yarnpkg.com/@aws-sdk/util-locate-window/-/util-locate-window-3.20.0.tgz#33819893a6642a20df51db21d3c935cd6f319e83"
  integrity sha512-AqSMOm+hwxdywQ/jmprZXJY8uftHTi4p9JuftxTnP7Nl28+G8+RrVmoGcOtYf9VfWRDo/AM7zhvDwu4jB9yclg==
  dependencies:
    tslib "^2.0.0"

"@aws-sdk/util-uri-escape@3.20.0":
  version "3.20.0"
  resolved "https://registry.yarnpkg.com/@aws-sdk/util-uri-escape/-/util-uri-escape-3.20.0.tgz#1f0844dfd0ce9ed2e6348318b2f5d88da7d171f2"
  integrity sha512-BmlmK0zCAehj7V6Kql9vsXY0GTJZgXzSsyAVeXMvXq6D2JHU1UuJq0PAtxtGD4E8+CoSeowAaGyfUrqiCjJFBw==
  dependencies:
    tslib "^2.0.0"

"@aws-sdk/util-user-agent-browser@3.20.0":
  version "3.20.0"
  resolved "https://registry.yarnpkg.com/@aws-sdk/util-user-agent-browser/-/util-user-agent-browser-3.20.0.tgz#1ef7c40eccbd48b8ccf43cf4df9a43498ffaf069"
  integrity sha512-DSXJsihYDk2QiBUjgeAf/oTOnALAPWiKbeLIF4aPMcTKBsY5MCbZjEtoODLGxY5V2TpWFlfcKNjhYSesZIDIqA==
  dependencies:
    "@aws-sdk/types" "3.20.0"
    bowser "^2.11.0"
    tslib "^2.0.0"

"@aws-sdk/util-user-agent-node@3.20.0":
  version "3.20.0"
  resolved "https://registry.yarnpkg.com/@aws-sdk/util-user-agent-node/-/util-user-agent-node-3.20.0.tgz#66f9fc913960390270bd4a6cd090c7de172bc8bc"
  integrity sha512-WfC8p+ofygAhFArtXu/u6BZQDwrC/E5MffyoHdxbm4KpRznAOmEM/vzwrUFS8e93/OPYP8bFRMJCLRlER35a7g==
  dependencies:
    "@aws-sdk/node-config-provider" "3.20.0"
    "@aws-sdk/types" "3.20.0"
    tslib "^2.0.0"

"@aws-sdk/util-utf8-browser@3.20.0", "@aws-sdk/util-utf8-browser@^3.0.0":
  version "3.20.0"
  resolved "https://registry.yarnpkg.com/@aws-sdk/util-utf8-browser/-/util-utf8-browser-3.20.0.tgz#e82da4ef361e091834e61508d9a5829e9dcd5d87"
  integrity sha512-9ZSirHLA8RtNkrZj9jLcxujQCsflNY3PWyuRArce5OpPv6+vVzL2QvdG191xfTSi5EMIHvwlRl56bNo64D7dLg==
  dependencies:
    tslib "^2.0.0"

"@aws-sdk/util-utf8-node@3.20.0":
  version "3.20.0"
  resolved "https://registry.yarnpkg.com/@aws-sdk/util-utf8-node/-/util-utf8-node-3.20.0.tgz#0fba231f047851707fadcd63ffee218e98c2bf9e"
  integrity sha512-rEgl9slmtKYQkGgUmyMeqKzbaRq0YUtVqp+KddV9k12xvDJ05aJWw65YS83m4oX8bAeODKRUe7a1JuY2CIOzNQ==
  dependencies:
    "@aws-sdk/util-buffer-from" "3.20.0"
    tslib "^2.0.0"

bowser@^2.11.0:
  version "2.11.0"
  resolved "https://registry.yarnpkg.com/bowser/-/bowser-2.11.0.tgz#5ca3c35757a7aa5771500c70a73a9f91ef420a8f"
  integrity sha512-AlcaJBi/pqqJBIQ8U9Mcpc9i8Aqxn88Skv5d+xBX006BY5u8N3mGLHa5Lgppa7L/HfwgwLgZ6NYs+Ag6uUmJRA==

entities@2.2.0:
  version "2.2.0"
  resolved "https://registry.yarnpkg.com/entities/-/entities-2.2.0.tgz#098dc90ebb83d8dffa089d55256b351d34c4da55"
  integrity sha512-p92if5Nz619I0w+akJrLZH0MX0Pb5DX39XOwQTtXSdQQOaYH03S1uIQp4mhOZtAXrxq4ViO67YTiLBo2638o9A==

fast-xml-parser@3.19.0:
  version "3.19.0"
  resolved "https://registry.yarnpkg.com/fast-xml-parser/-/fast-xml-parser-3.19.0.tgz#cb637ec3f3999f51406dd8ff0e6fc4d83e520d01"
  integrity sha512-4pXwmBplsCPv8FOY1WRakF970TjNGnGnfbOnLqjlYvMiF1SR3yOHyxMR/YCXpPTOspNF5gwudqktIP4VsWkvBg==

tslib@^1.11.1:
  version "1.14.1"
  resolved "https://registry.yarnpkg.com/tslib/-/tslib-1.14.1.tgz#cf2d38bdc34a134bcaf1091c41f6619e2f672d00"
  integrity sha512-Xni35NKzjgMrwevysHTCArtLDpPvye8zV/0E4EyYn43P7/7qvQwPh9BGkHewbMulVntbigmcT7rdX3BNo9wRJg==

tslib@^2.0.0:
  version "2.3.0"
  resolved "https://registry.yarnpkg.com/tslib/-/tslib-2.3.0.tgz#803b8cdab3e12ba581a4ca41c8839bbb0dacb09e"
  integrity sha512-N82ooyxVNm6h1riLCoyS9e3fuJ3AMG2zIZs2Gd1ATcSFjSA23Q0fzjjZeh0jbJvWVDZ0cJT8yaNNaaXHzueNjg==

uuid@^8.3.2:
  version "8.3.2"
  resolved "https://registry.yarnpkg.com/uuid/-/uuid-8.3.2.tgz#80d5b5ced271bb9af6c445f21a1a04c606cefbe2"
  integrity sha512-+NYs2QeMWy+GWFOEm9xnn6HCDp0l7QBD7ml8zLUmJ+93Q5NF0NocErnwkTkXVFNiX3/fpC6afS8Dhb/gz7R7eg==
